
Microsoft Visual Studio Solution File, Format Version 12.00
# Visual Studio 2013
VisualStudioVersion = 12.0.31101.0
MinimumVisualStudioVersion = 10.0.40219.1
Project("{F2A71F9B-5D33-465A-A702-920D77279786}") = "MIPS Assembler", "MIPS Assembler\MIPS Assembler.fsproj", "{80D8450C-B057-47E4-AEAB-7B576EE04FCD}"
EndProject
Global
	GlobalSection(SolutionConfigurationPlatforms) = preSolution
		Debug|Any CPU = Debug|Any CPU
		Release|Any CPU = Release|Any CPU
	EndGlobalSection
	GlobalSection(ProjectConfigurationPlatforms) = postSolution
		{80D8450C-B057-47E4-AEAB-7B576EE04FCD}.Debug|Any CPU.ActiveCfg = Debug|Any CPU
		{80D8450C-B057-47E4-AEAB-7B576EE04FCD}.Debug|Any CPU.Build.0 = Debug|Any CPU
		{80D8450C-B057-47E4-AEAB-7B576EE04FCD}.Release|Any CPU.ActiveCfg = Release|Any CPU
		{80D8450C-B057-47E4-AEAB-7B576EE04FCD}.Release|Any CPU.Build.0 = Release|Any CPU
	EndGlobalSection
	GlobalSection(SolutionProperties) = preSolution
		HideSolutionNode = FALSE
	EndGlobalSection
EndGlobal
